
Microsoft Visual Studio Solution File, Format Version 12.00
# Visual Studio 15
VisualStudioVersion = 15.0.28307.329
MinimumVisualStudioVersion = 10.0.40219.1
Project("{FAE04EC0-301F-11D3-BF4B-00C04F79EFBC}") = "NetCoreConsoleHelloWorld", "NetCoreConsoleHelloWorld\NetCoreConsoleHelloWorld.csproj", "{3BAFECA2-D74D-4006-82DC-D162B3F81FCF}"
EndProject
Global
	GlobalSection(SolutionConfigurationPlatforms) = preSolution
		Debug|Any CPU = Debug|Any CPU
		Release|Any CPU = Release|Any CPU
	EndGlobalSection
	GlobalSection(ProjectConfigurationPlatforms) = postSolution
		{3BAFECA2-D74D-4006-82DC-D162B3F81FCF}.Debug|Any CPU.ActiveCfg = Debug|Any CPU
		{3BAFECA2-D74D-4006-82DC-D162B3F81FCF}.Debug|Any CPU.Build.0 = Debug|Any CPU
		{3BAFECA2-D74D-4006-82DC-D162B3F81FCF}.Release|Any CPU.ActiveCfg = Release|Any CPU
		{3BAFECA2-D74D-4006-82DC-D162B3F81FCF}.Release|Any CPU.Build.0 = Release|Any CPU
	EndGlobalSection
	GlobalSection(SolutionProperties) = preSolution
		HideSolutionNode = FALSE
	EndGlobalSection
	GlobalSection(ExtensibilityGlobals) = postSolution
		SolutionGuid = {F434E94B-DB46-4432-B9FA-2F7005560BA5}
	EndGlobalSection
EndGlobal
